// !$*UTF8*$!
{
	archiveVersion = 1;
	classes = {
	};
	objectVersion = 52;
	objects = {

/* Begin PBXBuildFile section */
		5C17CDBD2336995500E4E7C5 /* BasicAuthenticationProviderTests.swift in Sources */ = {isa = PBXBuildFile; fileRef = 5C17CDBC2336995500E4E7C5 /* BasicAuthenticationProviderTests.swift */; };
		5C17CDBF2336A79D00E4E7C5 /* DynamicFolderContentView.swift in Sources */ = {isa = PBXBuildFile; fileRef = 5C17CDBE2336A79D00E4E7C5 /* DynamicFolderContentView.swift */; };
		5C17CDC12336A95100E4E7C5 /* FolderLoader.swift in Sources */ = {isa = PBXBuildFile; fileRef = 5C17CDC02336A95100E4E7C5 /* FolderLoader.swift */; };
		5C17CDC32336A9D000E4E7C5 /* NetworkRecursiveFolderFactory.swift in Sources */ = {isa = PBXBuildFile; fileRef = 5C17CDC22336A9D000E4E7C5 /* NetworkRecursiveFolderFactory.swift */; };
		5C17CDC52336AA4300E4E7C5 /* RecursiveFolderFactory.swift in Sources */ = {isa = PBXBuildFile; fileRef = 5C17CDC42336AA4300E4E7C5 /* RecursiveFolderFactory.swift */; };
		5C17CDC72336AC1800E4E7C5 /* Identified.swift in Sources */ = {isa = PBXBuildFile; fileRef = 5C17CDC62336AC1800E4E7C5 /* Identified.swift */; };
		5C96DEE422ED13CC00BB643A /* AppDelegate.swift in Sources */ = {isa = PBXBuildFile; fileRef = 5C96DEE322ED13CC00BB643A /* AppDelegate.swift */; };
		5C96DEE622ED13CC00BB643A /* SceneDelegate.swift in Sources */ = {isa = PBXBuildFile; fileRef = 5C96DEE522ED13CC00BB643A /* SceneDelegate.swift */; };
		5C96DEE822ED13CC00BB643A /* FolderContentView.swift in Sources */ = {isa = PBXBuildFile; fileRef = 5C96DEE722ED13CC00BB643A /* FolderContentView.swift */; };
		5C96DEEA22ED13D000BB643A /* Assets.xcassets in Resources */ = {isa = PBXBuildFile; fileRef = 5C96DEE922ED13D000BB643A /* Assets.xcassets */; };
		5C96DEED22ED13D000BB643A /* Preview Assets.xcassets in Resources */ = {isa = PBXBuildFile; fileRef = 5C96DEEC22ED13D000BB643A /* Preview Assets.xcassets */; };
		5C96DEF022ED13D000BB643A /* LaunchScreen.storyboard in Resources */ = {isa = PBXBuildFile; fileRef = 5C96DEEE22ED13D000BB643A /* LaunchScreen.storyboard */; };
		5C96DF0622ED13D000BB643A /* ServicesSchedulerUITests.swift in Sources */ = {isa = PBXBuildFile; fileRef = 5C96DF0522ED13D000BB643A /* ServicesSchedulerUITests.swift */; };
		5CAD9099234816C700F02002 /* BindingHelpers.swift in Sources */ = {isa = PBXBuildFile; fileRef = 5CAD9098234816C700F02002 /* BindingHelpers.swift */; };
		5CAD909B2348198D00F02002 /* PreviewHelpers.swift in Sources */ = {isa = PBXBuildFile; fileRef = 5CAD909A2348198C00F02002 /* PreviewHelpers.swift */; };
		5CAD909E2348533000F02002 /* SelectableList.swift in Sources */ = {isa = PBXBuildFile; fileRef = 5CAD909D2348533000F02002 /* SelectableList.swift */; };
		5CAD90A0234855DF00F02002 /* ServiceTypeTeamsLoader.swift in Sources */ = {isa = PBXBuildFile; fileRef = 5CAD909F234855DF00F02002 /* ServiceTypeTeamsLoader.swift */; };
		5CAD90A22348650200F02002 /* StatusCircle.swift in Sources */ = {isa = PBXBuildFile; fileRef = 5CAD90A12348650200F02002 /* StatusCircle.swift */; };
		5CAD90A42348689400F02002 /* PresentableStatus.swift in Sources */ = {isa = PBXBuildFile; fileRef = 5CAD90A32348689400F02002 /* PresentableStatus.swift */; };
		5CAD90A623486BA000F02002 /* NeededPositionCircle.swift in Sources */ = {isa = PBXBuildFile; fileRef = 5CAD90A523486BA000F02002 /* NeededPositionCircle.swift */; };
		5CAD90A823486C2000F02002 /* Color+PlanningCenter.swift in Sources */ = {isa = PBXBuildFile; fileRef = 5CAD90A723486C2000F02002 /* Color+PlanningCenter.swift */; };
		5CAD90AA23486F9500F02002 /* AttentionNeededFeedList.swift in Sources */ = {isa = PBXBuildFile; fileRef = 5CAD90A923486F9500F02002 /* AttentionNeededFeedList.swift */; };
		5CAD90AC23488B9000F02002 /* ConstAttentionNeededFeedListData.swift in Sources */ = {isa = PBXBuildFile; fileRef = 5CAD90AB23488B9000F02002 /* ConstAttentionNeededFeedListData.swift */; };
		5CAD90AE23488D1600F02002 /* AttentionNeededListLoader.swift in Sources */ = {isa = PBXBuildFile; fileRef = 5CAD90AD23488D1600F02002 /* AttentionNeededListLoader.swift */; };
		5CAE5A3D2336092000568962 /* BasicAuthenticationProvider.swift in Sources */ = {isa = PBXBuildFile; fileRef = 5CAE5A3C2336092000568962 /* BasicAuthenticationProvider.swift */; };
		5CAFDD11234908F800162DE0 /* AttentionNeededListPresenter.swift in Sources */ = {isa = PBXBuildFile; fileRef = 5CAFDD10234908F800162DE0 /* AttentionNeededListPresenter.swift */; };
		5CAFDD13234971B000162DE0 /* TestMergeAdjacent.swift in Sources */ = {isa = PBXBuildFile; fileRef = 5CAFDD12234971B000162DE0 /* TestMergeAdjacent.swift */; };
		5CAFDD152349827700162DE0 /* SequenceExtensions.swift in Sources */ = {isa = PBXBuildFile; fileRef = 5CAFDD142349827700162DE0 /* SequenceExtensions.swift */; };
		5CF8784523332A5900B8A2DF /* PlanningCenterSwift in Frameworks */ = {isa = PBXBuildFile; productRef = 5CF8784423332A5900B8A2DF /* PlanningCenterSwift */; };
		5CF8784923336EF100B8A2DF /* TeamSelectionView.swift in Sources */ = {isa = PBXBuildFile; fileRef = 5CF8784823336EF100B8A2DF /* TeamSelectionView.swift */; };
/* End PBXBuildFile section */

/* Begin PBXContainerItemProxy section */
		5C96DEF722ED13D000BB643A /* PBXContainerItemProxy */ = {
			isa = PBXContainerItemProxy;
			containerPortal = 5C96DED822ED13CC00BB643A /* Project object */;
			proxyType = 1;
			remoteGlobalIDString = 5C96DEDF22ED13CC00BB643A;
			remoteInfo = ServicesScheduler;
		};
		5C96DF0222ED13D000BB643A /* PBXContainerItemProxy */ = {
			isa = PBXContainerItemProxy;
			containerPortal = 5C96DED822ED13CC00BB643A /* Project object */;
			proxyType = 1;
			remoteGlobalIDString = 5C96DEDF22ED13CC00BB643A;
			remoteInfo = ServicesScheduler;
		};
/* End PBXContainerItemProxy section */

/* Begin PBXFileReference section */
		5C17CDBC2336995500E4E7C5 /* BasicAuthenticationProviderTests.swift */ = {isa = PBXFileReference; lastKnownFileType = sourcecode.swift; path = BasicAuthenticationProviderTests.swift; sourceTree = "<group>"; };
		5C17CDBE2336A79D00E4E7C5 /* DynamicFolderContentView.swift */ = {isa = PBXFileReference; lastKnownFileType = sourcecode.swift; path = DynamicFolderContentView.swift; sourceTree = "<group>"; };
		5C17CDC02336A95100E4E7C5 /* FolderLoader.swift */ = {isa = PBXFileReference; lastKnownFileType = sourcecode.swift; path = FolderLoader.swift; sourceTree = "<group>"; };
		5C17CDC22336A9D000E4E7C5 /* NetworkRecursiveFolderFactory.swift */ = {isa = PBXFileReference; lastKnownFileType = sourcecode.swift; path = NetworkRecursiveFolderFactory.swift; sourceTree = "<group>"; };
		5C17CDC42336AA4300E4E7C5 /* RecursiveFolderFactory.swift */ = {isa = PBXFileReference; lastKnownFileType = sourcecode.swift; path = RecursiveFolderFactory.swift; sourceTree = "<group>"; };
		5C17CDC62336AC1800E4E7C5 /* Identified.swift */ = {isa = PBXFileReference; lastKnownFileType = sourcecode.swift; path = Identified.swift; sourceTree = "<group>"; };
		5C96DEE022ED13CC00BB643A /* Scheduler.app */ = {isa = PBXFileReference; explicitFileType = wrapper.application; includeInIndex = 0; path = Scheduler.app; sourceTree = BUILT_PRODUCTS_DIR; };
		5C96DEE322ED13CC00BB643A /* AppDelegate.swift */ = {isa = PBXFileReference; lastKnownFileType = sourcecode.swift; path = AppDelegate.swift; sourceTree = "<group>"; };
		5C96DEE522ED13CC00BB643A /* SceneDelegate.swift */ = {isa = PBXFileReference; lastKnownFileType = sourcecode.swift; path = SceneDelegate.swift; sourceTree = "<group>"; };
		5C96DEE722ED13CC00BB643A /* FolderContentView.swift */ = {isa = PBXFileReference; lastKnownFileType = sourcecode.swift; path = FolderContentView.swift; sourceTree = "<group>"; };
		5C96DEE922ED13D000BB643A /* Assets.xcassets */ = {isa = PBXFileReference; lastKnownFileType = folder.assetcatalog; path = Assets.xcassets; sourceTree = "<group>"; };
		5C96DEEC22ED13D000BB643A /* Preview Assets.xcassets */ = {isa = PBXFileReference; lastKnownFileType = folder.assetcatalog; path = "Preview Assets.xcassets"; sourceTree = "<group>"; };
		5C96DEEF22ED13D000BB643A /* Base */ = {isa = PBXFileReference; lastKnownFileType = file.storyboard; name = Base; path = Base.lproj/LaunchScreen.storyboard; sourceTree = "<group>"; };
		5C96DEF122ED13D000BB643A /* Info.plist */ = {isa = PBXFileReference; lastKnownFileType = text.plist.xml; path = Info.plist; sourceTree = "<group>"; };
		5C96DEF622ED13D000BB643A /* ServicesSchedulerTests.xctest */ = {isa = PBXFileReference; explicitFileType = wrapper.cfbundle; includeInIndex = 0; path = ServicesSchedulerTests.xctest; sourceTree = BUILT_PRODUCTS_DIR; };
		5C96DEFC22ED13D000BB643A /* Info.plist */ = {isa = PBXFileReference; lastKnownFileType = text.plist.xml; path = Info.plist; sourceTree = "<group>"; };
		5C96DF0122ED13D000BB643A /* ServicesSchedulerUITests.xctest */ = {isa = PBXFileReference; explicitFileType = wrapper.cfbundle; includeInIndex = 0; path = ServicesSchedulerUITests.xctest; sourceTree = BUILT_PRODUCTS_DIR; };
		5C96DF0522ED13D000BB643A /* ServicesSchedulerUITests.swift */ = {isa = PBXFileReference; lastKnownFileType = sourcecode.swift; path = ServicesSchedulerUITests.swift; sourceTree = "<group>"; };
		5C96DF0722ED13D000BB643A /* Info.plist */ = {isa = PBXFileReference; lastKnownFileType = text.plist.xml; path = Info.plist; sourceTree = "<group>"; };
		5CAD9098234816C700F02002 /* BindingHelpers.swift */ = {isa = PBXFileReference; lastKnownFileType = sourcecode.swift; path = BindingHelpers.swift; sourceTree = "<group>"; };
		5CAD909A2348198C00F02002 /* PreviewHelpers.swift */ = {isa = PBXFileReference; lastKnownFileType = sourcecode.swift; path = PreviewHelpers.swift; sourceTree = "<group>"; };
		5CAD909D2348533000F02002 /* SelectableList.swift */ = {isa = PBXFileReference; lastKnownFileType = sourcecode.swift; path = SelectableList.swift; sourceTree = "<group>"; };
		5CAD909F234855DF00F02002 /* ServiceTypeTeamsLoader.swift */ = {isa = PBXFileReference; lastKnownFileType = sourcecode.swift; path = ServiceTypeTeamsLoader.swift; sourceTree = "<group>"; };
		5CAD90A12348650200F02002 /* StatusCircle.swift */ = {isa = PBXFileReference; lastKnownFileType = sourcecode.swift; path = StatusCircle.swift; sourceTree = "<group>"; };
		5CAD90A32348689400F02002 /* PresentableStatus.swift */ = {isa = PBXFileReference; lastKnownFileType = sourcecode.swift; path = PresentableStatus.swift; sourceTree = "<group>"; };
		5CAD90A523486BA000F02002 /* NeededPositionCircle.swift */ = {isa = PBXFileReference; lastKnownFileType = sourcecode.swift; path = NeededPositionCircle.swift; sourceTree = "<group>"; };
		5CAD90A723486C2000F02002 /* Color+PlanningCenter.swift */ = {isa = PBXFileReference; lastKnownFileType = sourcecode.swift; path = "Color+PlanningCenter.swift"; sourceTree = "<group>"; };
		5CAD90A923486F9500F02002 /* AttentionNeededFeedList.swift */ = {isa = PBXFileReference; lastKnownFileType = sourcecode.swift; path = AttentionNeededFeedList.swift; sourceTree = "<group>"; };
		5CAD90AB23488B9000F02002 /* ConstAttentionNeededFeedListData.swift */ = {isa = PBXFileReference; lastKnownFileType = sourcecode.swift; path = ConstAttentionNeededFeedListData.swift; sourceTree = "<group>"; };
		5CAD90AD23488D1600F02002 /* AttentionNeededListLoader.swift */ = {isa = PBXFileReference; lastKnownFileType = sourcecode.swift; path = AttentionNeededListLoader.swift; sourceTree = "<group>"; };
		5CAE5A3C2336092000568962 /* BasicAuthenticationProvider.swift */ = {isa = PBXFileReference; lastKnownFileType = sourcecode.swift; path = BasicAuthenticationProvider.swift; sourceTree = "<group>"; };
		5CAFDD10234908F800162DE0 /* AttentionNeededListPresenter.swift */ = {isa = PBXFileReference; lastKnownFileType = sourcecode.swift; path = AttentionNeededListPresenter.swift; sourceTree = "<group>"; };
		5CAFDD12234971B000162DE0 /* TestMergeAdjacent.swift */ = {isa = PBXFileReference; lastKnownFileType = sourcecode.swift; path = TestMergeAdjacent.swift; sourceTree = "<group>"; };
		5CAFDD142349827700162DE0 /* SequenceExtensions.swift */ = {isa = PBXFileReference; lastKnownFileType = sourcecode.swift; path = SequenceExtensions.swift; sourceTree = "<group>"; };
		5CF8784823336EF100B8A2DF /* TeamSelectionView.swift */ = {isa = PBXFileReference; lastKnownFileType = sourcecode.swift; path = TeamSelectionView.swift; sourceTree = "<group>"; };
/* End PBXFileReference section */

/* Begin PBXFrameworksBuildPhase section */
		5C96DEDD22ED13CC00BB643A /* Frameworks */ = {
			isa = PBXFrameworksBuildPhase;
			buildActionMask = 2147483647;
			files = (
				5CF8784523332A5900B8A2DF /* PlanningCenterSwift in Frameworks */,
			);
			runOnlyForDeploymentPostprocessing = 0;
		};
		5C96DEF322ED13D000BB643A /* Frameworks */ = {
			isa = PBXFrameworksBuildPhase;
			buildActionMask = 2147483647;
			files = (
			);
			runOnlyForDeploymentPostprocessing = 0;
		};
		5C96DEFE22ED13D000BB643A /* Frameworks */ = {
			isa = PBXFrameworksBuildPhase;
			buildActionMask = 2147483647;
			files = (
			);
			runOnlyForDeploymentPostprocessing = 0;
		};
/* End PBXFrameworksBuildPhase section */

/* Begin PBXGroup section */
		5C11D98C2351AA75008BCAE4 /* StandardExtensions */ = {
			isa = PBXGroup;
			children = (
				5CAFDD142349827700162DE0 /* SequenceExtensions.swift */,
				5C17CDC62336AC1800E4E7C5 /* Identified.swift */,
			);
			path = StandardExtensions;
			sourceTree = "<group>";
		};
		5C11D98D2351AAB3008BCAE4 /* ReusableSwiftUI */ = {
			isa = PBXGroup;
			children = (
				5CAD9098234816C700F02002 /* BindingHelpers.swift */,
				5CAD909A2348198C00F02002 /* PreviewHelpers.swift */,
			);
			path = ReusableSwiftUI;
			sourceTree = "<group>";
		};
		5C96DED722ED13CC00BB643A = {
			isa = PBXGroup;
			children = (
				5C96DEE222ED13CC00BB643A /* ServicesScheduler */,
				5C96DEF922ED13D000BB643A /* ServicesSchedulerTests */,
				5C96DF0422ED13D000BB643A /* ServicesSchedulerUITests */,
				5C96DEE122ED13CC00BB643A /* Products */,
			);
			sourceTree = "<group>";
		};
		5C96DEE122ED13CC00BB643A /* Products */ = {
			isa = PBXGroup;
			children = (
				5C96DEE022ED13CC00BB643A /* Scheduler.app */,
				5C96DEF622ED13D000BB643A /* ServicesSchedulerTests.xctest */,
				5C96DF0122ED13D000BB643A /* ServicesSchedulerUITests.xctest */,
			);
			name = Products;
			sourceTree = "<group>";
		};
		5C96DEE222ED13CC00BB643A /* ServicesScheduler */ = {
			isa = PBXGroup;
			children = (
				5C96DEE322ED13CC00BB643A /* AppDelegate.swift */,
				5C96DEE522ED13CC00BB643A /* SceneDelegate.swift */,
				5C11D98D2351AAB3008BCAE4 /* ReusableSwiftUI */,
				5C11D98C2351AA75008BCAE4 /* StandardExtensions */,
				5C96DEE722ED13CC00BB643A /* FolderContentView.swift */,
				5C17CDBE2336A79D00E4E7C5 /* DynamicFolderContentView.swift */,
				5C17CDC02336A95100E4E7C5 /* FolderLoader.swift */,
				5C17CDC42336AA4300E4E7C5 /* RecursiveFolderFactory.swift */,
				5CAD909D2348533000F02002 /* SelectableList.swift */,
				5CAD90A12348650200F02002 /* StatusCircle.swift */,
				5CAD90A32348689400F02002 /* PresentableStatus.swift */,
				5CAD90A723486C2000F02002 /* Color+PlanningCenter.swift */,
				5CAD90AD23488D1600F02002 /* AttentionNeededListLoader.swift */,
				5CAFDD10234908F800162DE0 /* AttentionNeededListPresenter.swift */,
				5CAD90A923486F9500F02002 /* AttentionNeededFeedList.swift */,
				5CAD90AB23488B9000F02002 /* ConstAttentionNeededFeedListData.swift */,
				5CAD90A523486BA000F02002 /* NeededPositionCircle.swift */,
				5C17CDC22336A9D000E4E7C5 /* NetworkRecursiveFolderFactory.swift */,
				5CF8784823336EF100B8A2DF /* TeamSelectionView.swift */,
				5CAD909F234855DF00F02002 /* ServiceTypeTeamsLoader.swift */,
				5CAE5A3C2336092000568962 /* BasicAuthenticationProvider.swift */,
				5C96DEE922ED13D000BB643A /* Assets.xcassets */,
				5C96DEEE22ED13D000BB643A /* LaunchScreen.storyboard */,
				5C96DEF122ED13D000BB643A /* Info.plist */,
				5C96DEEB22ED13D000BB643A /* Preview Content */,
			);
			path = ServicesScheduler;
			sourceTree = "<group>";
		};
		5C96DEEB22ED13D000BB643A /* Preview Content */ = {
			isa = PBXGroup;
			children = (
				5C96DEEC22ED13D000BB643A /* Preview Assets.xcassets */,
			);
			path = "Preview Content";
			sourceTree = "<group>";
		};
		5C96DEF922ED13D000BB643A /* ServicesSchedulerTests */ = {
			isa = PBXGroup;
			children = (
				5C96DEFC22ED13D000BB643A /* Info.plist */,
				5CAFDD12234971B000162DE0 /* TestMergeAdjacent.swift */,
				5C17CDBC2336995500E4E7C5 /* BasicAuthenticationProviderTests.swift */,
			);
			path = ServicesSchedulerTests;
			sourceTree = "<group>";
		};
		5C96DF0422ED13D000BB643A /* ServicesSchedulerUITests */ = {
			isa = PBXGroup;
			children = (
				5C96DF0522ED13D000BB643A /* ServicesSchedulerUITests.swift */,
				5C96DF0722ED13D000BB643A /* Info.plist */,
			);
			path = ServicesSchedulerUITests;
			sourceTree = "<group>";
		};
/* End PBXGroup section */

/* Begin PBXNativeTarget section */
		5C96DEDF22ED13CC00BB643A /* ServicesScheduler */ = {
			isa = PBXNativeTarget;
			buildConfigurationList = 5C96DF0A22ED13D000BB643A /* Build configuration list for PBXNativeTarget "ServicesScheduler" */;
			buildPhases = (
				5C96DEDC22ED13CC00BB643A /* Sources */,
				5C96DEDD22ED13CC00BB643A /* Frameworks */,
				5C96DEDE22ED13CC00BB643A /* Resources */,
			);
			buildRules = (
			);
			dependencies = (
				5CF87847233341E200B8A2DF /* PBXTargetDependency */,
			);
			name = ServicesScheduler;
			packageProductDependencies = (
				5CF8784423332A5900B8A2DF /* PlanningCenterSwift */,
			);
			productName = ServicesScheduler;
			productReference = 5C96DEE022ED13CC00BB643A /* Scheduler.app */;
			productType = "com.apple.product-type.application";
		};
		5C96DEF522ED13D000BB643A /* ServicesSchedulerTests */ = {
			isa = PBXNativeTarget;
			buildConfigurationList = 5C96DF0D22ED13D000BB643A /* Build configuration list for PBXNativeTarget "ServicesSchedulerTests" */;
			buildPhases = (
				5C96DEF222ED13D000BB643A /* Sources */,
				5C96DEF322ED13D000BB643A /* Frameworks */,
				5C96DEF422ED13D000BB643A /* Resources */,
			);
			buildRules = (
			);
			dependencies = (
				5C96DEF822ED13D000BB643A /* PBXTargetDependency */,
			);
			name = ServicesSchedulerTests;
			productName = ServicesSchedulerTests;
			productReference = 5C96DEF622ED13D000BB643A /* ServicesSchedulerTests.xctest */;
			productType = "com.apple.product-type.bundle.unit-test";
		};
		5C96DF0022ED13D000BB643A /* ServicesSchedulerUITests */ = {
			isa = PBXNativeTarget;
			buildConfigurationList = 5C96DF1022ED13D000BB643A /* Build configuration list for PBXNativeTarget "ServicesSchedulerUITests" */;
			buildPhases = (
				5C96DEFD22ED13D000BB643A /* Sources */,
				5C96DEFE22ED13D000BB643A /* Frameworks */,
				5C96DEFF22ED13D000BB643A /* Resources */,
			);
			buildRules = (
			);
			dependencies = (
				5C96DF0322ED13D000BB643A /* PBXTargetDependency */,
			);
			name = ServicesSchedulerUITests;
			productName = ServicesSchedulerUITests;
			productReference = 5C96DF0122ED13D000BB643A /* ServicesSchedulerUITests.xctest */;
			productType = "com.apple.product-type.bundle.ui-testing";
		};
/* End PBXNativeTarget section */

/* Begin PBXProject section */
		5C96DED822ED13CC00BB643A /* Project object */ = {
			isa = PBXProject;
			attributes = {
				LastSwiftUpdateCheck = 1100;
				LastUpgradeCheck = 1100;
				ORGANIZATIONNAME = "Joseph Van Boxtel";
				TargetAttributes = {
					5C96DEDF22ED13CC00BB643A = {
						CreatedOnToolsVersion = 11.0;
					};
					5C96DEF522ED13D000BB643A = {
						CreatedOnToolsVersion = 11.0;
						TestTargetID = 5C96DEDF22ED13CC00BB643A;
					};
					5C96DF0022ED13D000BB643A = {
						CreatedOnToolsVersion = 11.0;
						TestTargetID = 5C96DEDF22ED13CC00BB643A;
					};
				};
			};
			buildConfigurationList = 5C96DEDB22ED13CC00BB643A /* Build configuration list for PBXProject "ServicesScheduler" */;
			compatibilityVersion = "Xcode 9.3";
			developmentRegion = en;
			hasScannedForEncodings = 0;
			knownRegions = (
				en,
				Base,
			);
			mainGroup = 5C96DED722ED13CC00BB643A;
			packageReferences = (
				5CF8784323332A5900B8A2DF /* XCRemoteSwiftPackageReference "PlanningCenterSwift" */,
			);
			productRefGroup = 5C96DEE122ED13CC00BB643A /* Products */;
			projectDirPath = "";
			projectRoot = "";
			targets = (
				5C96DEDF22ED13CC00BB643A /* ServicesScheduler */,
				5C96DEF522ED13D000BB643A /* ServicesSchedulerTests */,
				5C96DF0022ED13D000BB643A /* ServicesSchedulerUITests */,
			);
		};
/* End PBXProject section */

/* Begin PBXResourcesBuildPhase section */
		5C96DEDE22ED13CC00BB643A /* Resources */ = {
			isa = PBXResourcesBuildPhase;
			buildActionMask = 2147483647;
			files = (
				5C96DEF022ED13D000BB643A /* LaunchScreen.storyboard in Resources */,
				5C96DEED22ED13D000BB643A /* Preview Assets.xcassets in Resources */,
				5C96DEEA22ED13D000BB643A /* Assets.xcassets in Resources */,
			);
			runOnlyForDeploymentPostprocessing = 0;
		};
		5C96DEF422ED13D000BB643A /* Resources */ = {
			isa = PBXResourcesBuildPhase;
			buildActionMask = 2147483647;
			files = (
			);
			runOnlyForDeploymentPostprocessing = 0;
		};
		5C96DEFF22ED13D000BB643A /* Resources */ = {
			isa = PBXResourcesBuildPhase;
			buildActionMask = 2147483647;
			files = (
			);
			runOnlyForDeploymentPostprocessing = 0;
		};
/* End PBXResourcesBuildPhase section */

/* Begin PBXSourcesBuildPhase section */
		5C96DEDC22ED13CC00BB643A /* Sources */ = {
			isa = PBXSourcesBuildPhase;
			buildActionMask = 2147483647;
			files = (
				5CAFDD152349827700162DE0 /* SequenceExtensions.swift in Sources */,
				5CAD90AC23488B9000F02002 /* ConstAttentionNeededFeedListData.swift in Sources */,
				5CAD909B2348198D00F02002 /* PreviewHelpers.swift in Sources */,
				5C17CDC52336AA4300E4E7C5 /* RecursiveFolderFactory.swift in Sources */,
				5CF8784923336EF100B8A2DF /* TeamSelectionView.swift in Sources */,
				5CAD90A0234855DF00F02002 /* ServiceTypeTeamsLoader.swift in Sources */,
				5CAD90A22348650200F02002 /* StatusCircle.swift in Sources */,
				5CAD909E2348533000F02002 /* SelectableList.swift in Sources */,
				5C96DEE422ED13CC00BB643A /* AppDelegate.swift in Sources */,
				5CAE5A3D2336092000568962 /* BasicAuthenticationProvider.swift in Sources */,
				5C96DEE622ED13CC00BB643A /* SceneDelegate.swift in Sources */,
				5CAFDD11234908F800162DE0 /* AttentionNeededListPresenter.swift in Sources */,
				5CAD90AE23488D1600F02002 /* AttentionNeededListLoader.swift in Sources */,
				5CAD9099234816C700F02002 /* BindingHelpers.swift in Sources */,
				5C17CDC32336A9D000E4E7C5 /* NetworkRecursiveFolderFactory.swift in Sources */,
				5CAD90A42348689400F02002 /* PresentableStatus.swift in Sources */,
				5C17CDC72336AC1800E4E7C5 /* Identified.swift in Sources */,
				5CAD90AA23486F9500F02002 /* AttentionNeededFeedList.swift in Sources */,
				5C17CDBF2336A79D00E4E7C5 /* DynamicFolderContentView.swift in Sources */,
				5CAD90A623486BA000F02002 /* NeededPositionCircle.swift in Sources */,
				5CAD90A823486C2000F02002 /* Color+PlanningCenter.swift in Sources */,
				5C96DEE822ED13CC00BB643A /* FolderContentView.swift in Sources */,
				5C17CDC12336A95100E4E7C5 /* FolderLoader.swift in Sources */,
			);
			runOnlyForDeploymentPostprocessing = 0;
		};
		5C96DEF222ED13D000BB643A /* Sources */ = {
			isa = PBXSourcesBuildPhase;
			buildActionMask = 2147483647;
			files = (
				5CAFDD13234971B000162DE0 /* TestMergeAdjacent.swift in Sources */,
				5C17CDBD2336995500E4E7C5 /* BasicAuthenticationProviderTests.swift in Sources */,
			);
			runOnlyForDeploymentPostprocessing = 0;
		};
		5C96DEFD22ED13D000BB643A /* Sources */ = {
			isa = PBXSourcesBuildPhase;
			buildActionMask = 2147483647;
			files = (
				5C96DF0622ED13D000BB643A /* ServicesSchedulerUITests.swift in Sources */,
			);
			runOnlyForDeploymentPostprocessing = 0;
		};
/* End PBXSourcesBuildPhase section */

/* Begin PBXTargetDependency section */
		5C96DEF822ED13D000BB643A /* PBXTargetDependency */ = {
			isa = PBXTargetDependency;
			target = 5C96DEDF22ED13CC00BB643A /* ServicesScheduler */;
			targetProxy = 5C96DEF722ED13D000BB643A /* PBXContainerItemProxy */;
		};
		5C96DF0322ED13D000BB643A /* PBXTargetDependency */ = {
			isa = PBXTargetDependency;
			target = 5C96DEDF22ED13CC00BB643A /* ServicesScheduler */;
			targetProxy = 5C96DF0222ED13D000BB643A /* PBXContainerItemProxy */;
		};
		5CF87847233341E200B8A2DF /* PBXTargetDependency */ = {
			isa = PBXTargetDependency;
			productRef = 5CF87846233341E200B8A2DF /* PlanningCenterSwift */;
		};
/* End PBXTargetDependency section */

/* Begin PBXVariantGroup section */
		5C96DEEE22ED13D000BB643A /* LaunchScreen.storyboard */ = {
			isa = PBXVariantGroup;
			children = (
				5C96DEEF22ED13D000BB643A /* Base */,
			);
			name = LaunchScreen.storyboard;
			sourceTree = "<group>";
		};
/* End PBXVariantGroup section */

/* Begin XCBuildConfiguration section */
		5C96DF0822ED13D000BB643A /* Debug */ = {
			isa = XCBuildConfiguration;
			buildSettings = {
				ALWAYS_SEARCH_USER_PATHS = NO;
				CLANG_ANALYZER_NONNULL = YES;
				CLANG_ANALYZER_NUMBER_OBJECT_CONVERSION = YES_AGGRESSIVE;
				CLANG_CXX_LANGUAGE_STANDARD = "gnu++14";
				CLANG_CXX_LIBRARY = "libc++";
				CLANG_ENABLE_MODULES = YES;
				CLANG_ENABLE_OBJC_ARC = YES;
				CLANG_ENABLE_OBJC_WEAK = YES;
				CLANG_WARN_BLOCK_CAPTURE_AUTORELEASING = YES;
				CLANG_WARN_BOOL_CONVERSION = YES;
				CLANG_WARN_COMMA = YES;
				CLANG_WARN_CONSTANT_CONVERSION = YES;
				CLANG_WARN_DEPRECATED_OBJC_IMPLEMENTATIONS = YES;
				CLANG_WARN_DIRECT_OBJC_ISA_USAGE = YES_ERROR;
				CLANG_WARN_DOCUMENTATION_COMMENTS = YES;
				CLANG_WARN_EMPTY_BODY = YES;
				CLANG_WARN_ENUM_CONVERSION = YES;
				CLANG_WARN_INFINITE_RECURSION = YES;
				CLANG_WARN_INT_CONVERSION = YES;
				CLANG_WARN_NON_LITERAL_NULL_CONVERSION = YES;
				CLANG_WARN_OBJC_IMPLICIT_RETAIN_SELF = YES;
				CLANG_WARN_OBJC_LITERAL_CONVERSION = YES;
				CLANG_WARN_OBJC_ROOT_CLASS = YES_ERROR;
				CLANG_WARN_RANGE_LOOP_ANALYSIS = YES;
				CLANG_WARN_STRICT_PROTOTYPES = YES;
				CLANG_WARN_SUSPICIOUS_MOVE = YES;
				CLANG_WARN_UNGUARDED_AVAILABILITY = YES_AGGRESSIVE;
				CLANG_WARN_UNREACHABLE_CODE = YES;
				CLANG_WARN__DUPLICATE_METHOD_MATCH = YES;
				COPY_PHASE_STRIP = NO;
				DEBUG_INFORMATION_FORMAT = dwarf;
				ENABLE_STRICT_OBJC_MSGSEND = YES;
				ENABLE_TESTABILITY = YES;
				GCC_C_LANGUAGE_STANDARD = gnu11;
				GCC_DYNAMIC_NO_PIC = NO;
				GCC_NO_COMMON_BLOCKS = YES;
				GCC_OPTIMIZATION_LEVEL = 0;
				GCC_PREPROCESSOR_DEFINITIONS = (
					"DEBUG=1",
					"$(inherited)",
				);
				GCC_WARN_64_TO_32_BIT_CONVERSION = YES;
				GCC_WARN_ABOUT_RETURN_TYPE = YES_ERROR;
				GCC_WARN_UNDECLARED_SELECTOR = YES;
				GCC_WARN_UNINITIALIZED_AUTOS = YES_AGGRESSIVE;
				GCC_WARN_UNUSED_FUNCTION = YES;
				GCC_WARN_UNUSED_VARIABLE = YES;
				IPHONEOS_DEPLOYMENT_TARGET = 13.0;
				MTL_ENABLE_DEBUG_INFO = INCLUDE_SOURCE;
				MTL_FAST_MATH = YES;
				ONLY_ACTIVE_ARCH = YES;
				SDKROOT = iphoneos;
				SWIFT_ACTIVE_COMPILATION_CONDITIONS = DEBUG;
				SWIFT_OPTIMIZATION_LEVEL = "-Onone";
			};
			name = Debug;
		};
		5C96DF0922ED13D000BB643A /* Release */ = {
			isa = XCBuildConfiguration;
			buildSettings = {
				ALWAYS_SEARCH_USER_PATHS = NO;
				CLANG_ANALYZER_NONNULL = YES;
				CLANG_ANALYZER_NUMBER_OBJECT_CONVERSION = YES_AGGRESSIVE;
				CLANG_CXX_LANGUAGE_STANDARD = "gnu++14";
				CLANG_CXX_LIBRARY = "libc++";
				CLANG_ENABLE_MODULES = YES;
				CLANG_ENABLE_OBJC_ARC = YES;
				CLANG_ENABLE_OBJC_WEAK = YES;
				CLANG_WARN_BLOCK_CAPTURE_AUTORELEASING = YES;
				CLANG_WARN_BOOL_CONVERSION = YES;
				CLANG_WARN_COMMA = YES;
				CLANG_WARN_CONSTANT_CONVERSION = YES;
				CLANG_WARN_DEPRECATED_OBJC_IMPLEMENTATIONS = YES;
				CLANG_WARN_DIRECT_OBJC_ISA_USAGE = YES_ERROR;
				CLANG_WARN_DOCUMENTATION_COMMENTS = YES;
				CLANG_WARN_EMPTY_BODY = YES;
				CLANG_WARN_ENUM_CONVERSION = YES;
				CLANG_WARN_INFINITE_RECURSION = YES;
				CLANG_WARN_INT_CONVERSION = YES;
				CLANG_WARN_NON_LITERAL_NULL_CONVERSION = YES;
				CLANG_WARN_OBJC_IMPLICIT_RETAIN_SELF = YES;
				CLANG_WARN_OBJC_LITERAL_CONVERSION = YES;
				CLANG_WARN_OBJC_ROOT_CLASS = YES_ERROR;
				CLANG_WARN_RANGE_LOOP_ANALYSIS = YES;
				CLANG_WARN_STRICT_PROTOTYPES = YES;
				CLANG_WARN_SUSPICIOUS_MOVE = YES;
				CLANG_WARN_UNGUARDED_AVAILABILITY = YES_AGGRESSIVE;
				CLANG_WARN_UNREACHABLE_CODE = YES;
				CLANG_WARN__DUPLICATE_METHOD_MATCH = YES;
				COPY_PHASE_STRIP = NO;
				DEBUG_INFORMATION_FORMAT = "dwarf-with-dsym";
				ENABLE_NS_ASSERTIONS = NO;
				ENABLE_STRICT_OBJC_MSGSEND = YES;
				GCC_C_LANGUAGE_STANDARD = gnu11;
				GCC_NO_COMMON_BLOCKS = YES;
				GCC_WARN_64_TO_32_BIT_CONVERSION = YES;
				GCC_WARN_ABOUT_RETURN_TYPE = YES_ERROR;
				GCC_WARN_UNDECLARED_SELECTOR = YES;
				GCC_WARN_UNINITIALIZED_AUTOS = YES_AGGRESSIVE;
				GCC_WARN_UNUSED_FUNCTION = YES;
				GCC_WARN_UNUSED_VARIABLE = YES;
				IPHONEOS_DEPLOYMENT_TARGET = 13.0;
				MTL_ENABLE_DEBUG_INFO = NO;
				MTL_FAST_MATH = YES;
				SDKROOT = iphoneos;
				SWIFT_COMPILATION_MODE = wholemodule;
				SWIFT_OPTIMIZATION_LEVEL = "-O";
				VALIDATE_PRODUCT = YES;
			};
			name = Release;
		};
		5C96DF0B22ED13D000BB643A /* Debug */ = {
			isa = XCBuildConfiguration;
			buildSettings = {
				ASSETCATALOG_COMPILER_APPICON_NAME = AppIcon;
				CODE_SIGN_STYLE = Automatic;
				DEVELOPMENT_ASSET_PATHS = "ServicesScheduler/Preview\\ Content";
				DEVELOPMENT_TEAM = ZRHLCAHG9L;
				ENABLE_PREVIEWS = YES;
				INFOPLIST_FILE = ServicesScheduler/Info.plist;
				LD_RUNPATH_SEARCH_PATHS = (
					"$(inherited)",
					"@executable_path/Frameworks",
				);
				PRODUCT_BUNDLE_IDENTIFIER = josephvb.ServicesScheduler;
				PRODUCT_NAME = Scheduler;
				SWIFT_VERSION = 5.0;
				TARGETED_DEVICE_FAMILY = "1,2";
			};
			name = Debug;
		};
		5C96DF0C22ED13D000BB643A /* Release */ = {
			isa = XCBuildConfiguration;
			buildSettings = {
				ASSETCATALOG_COMPILER_APPICON_NAME = AppIcon;
				CODE_SIGN_STYLE = Automatic;
				DEVELOPMENT_ASSET_PATHS = "ServicesScheduler/Preview\\ Content";
				DEVELOPMENT_TEAM = ZRHLCAHG9L;
				ENABLE_PREVIEWS = YES;
				INFOPLIST_FILE = ServicesScheduler/Info.plist;
				LD_RUNPATH_SEARCH_PATHS = (
					"$(inherited)",
					"@executable_path/Frameworks",
				);
				PRODUCT_BUNDLE_IDENTIFIER = josephvb.ServicesScheduler;
				PRODUCT_NAME = Scheduler;
				SWIFT_VERSION = 5.0;
				TARGETED_DEVICE_FAMILY = "1,2";
			};
			name = Release;
		};
		5C96DF0E22ED13D000BB643A /* Debug */ = {
			isa = XCBuildConfiguration;
			buildSettings = {
				ALWAYS_EMBED_SWIFT_STANDARD_LIBRARIES = YES;
				BUNDLE_LOADER = "$(TEST_HOST)";
				CODE_SIGN_STYLE = Automatic;
				DEVELOPMENT_TEAM = ZRHLCAHG9L;
				INFOPLIST_FILE = ServicesSchedulerTests/Info.plist;
				LD_RUNPATH_SEARCH_PATHS = (
					"$(inherited)",
					"@executable_path/Frameworks",
					"@loader_path/Frameworks",
				);
				PRODUCT_BUNDLE_IDENTIFIER = josephvb.ServicesSchedulerTests;
				PRODUCT_NAME = "$(TARGET_NAME)";
				SWIFT_VERSION = 5.0;
				TARGETED_DEVICE_FAMILY = "1,2";
				TEST_HOST = "$(BUILT_PRODUCTS_DIR)/Scheduler.app/Scheduler";
			};
			name = Debug;
		};
		5C96DF0F22ED13D000BB643A /* Release */ = {
			isa = XCBuildConfiguration;
			buildSettings = {
				ALWAYS_EMBED_SWIFT_STANDARD_LIBRARIES = YES;
				BUNDLE_LOADER = "$(TEST_HOST)";
				CODE_SIGN_STYLE = Automatic;
				DEVELOPMENT_TEAM = ZRHLCAHG9L;
				INFOPLIST_FILE = ServicesSchedulerTests/Info.plist;
				LD_RUNPATH_SEARCH_PATHS = (
					"$(inherited)",
					"@executable_path/Frameworks",
					"@loader_path/Frameworks",
				);
				PRODUCT_BUNDLE_IDENTIFIER = josephvb.ServicesSchedulerTests;
				PRODUCT_NAME = "$(TARGET_NAME)";
				SWIFT_VERSION = 5.0;
				TARGETED_DEVICE_FAMILY = "1,2";
				TEST_HOST = "$(BUILT_PRODUCTS_DIR)/Scheduler.app/Scheduler";
			};
			name = Release;
		};
		5C96DF1122ED13D000BB643A /* Debug */ = {
			isa = XCBuildConfiguration;
			buildSettings = {
				ALWAYS_EMBED_SWIFT_STANDARD_LIBRARIES = YES;
				CODE_SIGN_STYLE = Automatic;
				DEVELOPMENT_TEAM = ZRHLCAHG9L;
				INFOPLIST_FILE = ServicesSchedulerUITests/Info.plist;
				LD_RUNPATH_SEARCH_PATHS = (
					"$(inherited)",
					"@executable_path/Frameworks",
					"@loader_path/Frameworks",
				);
				PRODUCT_BUNDLE_IDENTIFIER = josephvb.ServicesSchedulerUITests;
				PRODUCT_NAME = "$(TARGET_NAME)";
				SWIFT_VERSION = 5.0;
				TARGETED_DEVICE_FAMILY = "1,2";
				TEST_TARGET_NAME = ServicesScheduler;
			};
			name = Debug;
		};
		5C96DF1222ED13D000BB643A /* Release */ = {
			isa = XCBuildConfiguration;
			buildSettings = {
				ALWAYS_EMBED_SWIFT_STANDARD_LIBRARIES = YES;
				CODE_SIGN_STYLE = Automatic;
				DEVELOPMENT_TEAM = ZRHLCAHG9L;
				INFOPLIST_FILE = ServicesSchedulerUITests/Info.plist;
				LD_RUNPATH_SEARCH_PATHS = (
					"$(inherited)",
					"@executable_path/Frameworks",
					"@loader_path/Frameworks",
				);
				PRODUCT_BUNDLE_IDENTIFIER = josephvb.ServicesSchedulerUITests;
				PRODUCT_NAME = "$(TARGET_NAME)";
				SWIFT_VERSION = 5.0;
				TARGETED_DEVICE_FAMILY = "1,2";
				TEST_TARGET_NAME = ServicesScheduler;
			};
			name = Release;
		};
/* End XCBuildConfiguration section */

/* Begin XCConfigurationList section */
		5C96DEDB22ED13CC00BB643A /* Build configuration list for PBXProject "ServicesScheduler" */ = {
			isa = XCConfigurationList;
			buildConfigurations = (
				5C96DF0822ED13D000BB643A /* Debug */,
				5C96DF0922ED13D000BB643A /* Release */,
			);
			defaultConfigurationIsVisible = 0;
			defaultConfigurationName = Release;
		};
		5C96DF0A22ED13D000BB643A /* Build configuration list for PBXNativeTarget "ServicesScheduler" */ = {
			isa = XCConfigurationList;
			buildConfigurations = (
				5C96DF0B22ED13D000BB643A /* Debug */,
				5C96DF0C22ED13D000BB643A /* Release */,
			);
			defaultConfigurationIsVisible = 0;
			defaultConfigurationName = Release;
		};
		5C96DF0D22ED13D000BB643A /* Build configuration list for PBXNativeTarget "ServicesSchedulerTests" */ = {
			isa = XCConfigurationList;
			buildConfigurations = (
				5C96DF0E22ED13D000BB643A /* Debug */,
				5C96DF0F22ED13D000BB643A /* Release */,
			);
			defaultConfigurationIsVisible = 0;
			defaultConfigurationName = Release;
		};
		5C96DF1022ED13D000BB643A /* Build configuration list for PBXNativeTarget "ServicesSchedulerUITests" */ = {
			isa = XCConfigurationList;
			buildConfigurations = (
				5C96DF1122ED13D000BB643A /* Debug */,
				5C96DF1222ED13D000BB643A /* Release */,
			);
			defaultConfigurationIsVisible = 0;
			defaultConfigurationName = Release;
		};
/* End XCConfigurationList section */

/* Begin XCRemoteSwiftPackageReference section */
		5CF8784323332A5900B8A2DF /* XCRemoteSwiftPackageReference "PlanningCenterSwift" */ = {
			isa = XCRemoteSwiftPackageReference;
			repositoryURL = "https://github.com/javb99/PlanningCenterSwift.git";
			requirement = {
				branch = master;
				kind = branch;
			};
		};
/* End XCRemoteSwiftPackageReference section */

/* Begin XCSwiftPackageProductDependency section */
		5CF8784423332A5900B8A2DF /* PlanningCenterSwift */ = {
			isa = XCSwiftPackageProductDependency;
			package = 5CF8784323332A5900B8A2DF /* XCRemoteSwiftPackageReference "PlanningCenterSwift" */;
			productName = PlanningCenterSwift;
		};
		5CF87846233341E200B8A2DF /* PlanningCenterSwift */ = {
			isa = XCSwiftPackageProductDependency;
			package = 5CF8784323332A5900B8A2DF /* XCRemoteSwiftPackageReference "PlanningCenterSwift" */;
			productName = PlanningCenterSwift;
		};
/* End XCSwiftPackageProductDependency section */
	};
	rootObject = 5C96DED822ED13CC00BB643A /* Project object */;
}
